
Microsoft Visual Studio Solution File, Format Version 12.00
# Visual Studio Version 17
VisualStudioVersion = 17.13.35806.99 d17.13
MinimumVisualStudioVersion = 10.0.40219.1
Project("{FAE04EC0-301F-11D3-BF4B-00C04F79EFBC}") = "AdminPanel", "AdminPanel\AdminPanel.csproj", "{292E84C5-4304-4651-AA11-093EBE8DD522}"
EndProject
Global
	GlobalSection(SolutionConfigurationPlatforms) = preSolution
		Debug|Any CPU = Debug|Any CPU
		Release|Any CPU = Release|Any CPU
	EndGlobalSection
	GlobalSection(ProjectConfigurationPlatforms) = postSolution
		{292E84C5-4304-4651-AA11-093EBE8DD522}.Debug|Any CPU.ActiveCfg = Debug|Any CPU
		{292E84C5-4304-4651-AA11-093EBE8DD522}.Debug|Any CPU.Build.0 = Debug|Any CPU
		{292E84C5-4304-4651-AA11-093EBE8DD522}.Release|Any CPU.ActiveCfg = Release|Any CPU
		{292E84C5-4304-4651-AA11-093EBE8DD522}.Release|Any CPU.Build.0 = Release|Any CPU
	EndGlobalSection
	GlobalSection(SolutionProperties) = preSolution
		HideSolutionNode = FALSE
	EndGlobalSection
	GlobalSection(ExtensibilityGlobals) = postSolution
		SolutionGuid = {3C7AACEE-0099-40F9-A53C-18CA3A93FED1}
	EndGlobalSection
EndGlobal
